
Microsoft Visual Studio Solution File, Format Version 12.00
# Visual Studio Version 17
VisualStudioVersion = 17.5.002.0
MinimumVisualStudioVersion = 10.0.40219.1
Project("{9A19103F-16F7-4668-BE54-9A1E7A4F7556}") = "Hello.AI.World", "src\Hello.AI.World.csproj", "{83F0213D-CE40-4C2E-9860-DBDB794DDF3F}"
EndProject
Global
	GlobalSection(SolutionConfigurationPlatforms) = preSolution
		Debug|Any CPU = Debug|Any CPU
		Release|Any CPU = Release|Any CPU
	EndGlobalSection
	GlobalSection(ProjectConfigurationPlatforms) = postSolution
		{83F0213D-CE40-4C2E-9860-DBDB794DDF3F}.Debug|Any CPU.ActiveCfg = Debug|Any CPU
		{83F0213D-CE40-4C2E-9860-DBDB794DDF3F}.Debug|Any CPU.Build.0 = Debug|Any CPU
		{83F0213D-CE40-4C2E-9860-DBDB794DDF3F}.Release|Any CPU.ActiveCfg = Release|Any CPU
		{83F0213D-CE40-4C2E-9860-DBDB794DDF3F}.Release|Any CPU.Build.0 = Release|Any CPU
	EndGlobalSection
	GlobalSection(SolutionProperties) = preSolution
		HideSolutionNode = FALSE
	EndGlobalSection
	GlobalSection(ExtensibilityGlobals) = postSolution
		SolutionGuid = {14FA06D4-2C83-44E2-A86F-09BDD8265736}
	EndGlobalSection
EndGlobal
